
Microsoft Visual Studio Solution File, Format Version 12.00
# Visual Studio 15
VisualStudioVersion = 15.0.28010.2036
MinimumVisualStudioVersion = 10.0.40219.1
Project("{FAE04EC0-301F-11D3-BF4B-00C04F79EFBC}") = "Tarea_1", "Tarea_1\Tarea_1.csproj", "{35F23EFD-901E-43BE-99B5-26BE7DA9EBBC}"
EndProject
Global
	GlobalSection(SolutionConfigurationPlatforms) = preSolution
		Debug|Any CPU = Debug|Any CPU
		Release|Any CPU = Release|Any CPU
	EndGlobalSection
	GlobalSection(ProjectConfigurationPlatforms) = postSolution
		{35F23EFD-901E-43BE-99B5-26BE7DA9EBBC}.Debug|Any CPU.ActiveCfg = Debug|Any CPU
		{35F23EFD-901E-43BE-99B5-26BE7DA9EBBC}.Debug|Any CPU.Build.0 = Debug|Any CPU
		{35F23EFD-901E-43BE-99B5-26BE7DA9EBBC}.Release|Any CPU.ActiveCfg = Release|Any CPU
		{35F23EFD-901E-43BE-99B5-26BE7DA9EBBC}.Release|Any CPU.Build.0 = Release|Any CPU
	EndGlobalSection
	GlobalSection(SolutionProperties) = preSolution
		HideSolutionNode = FALSE
	EndGlobalSection
	GlobalSection(ExtensibilityGlobals) = postSolution
		SolutionGuid = {2AC82D97-CCF7-4D1C-9BDA-A29BDF4A4876}
	EndGlobalSection
EndGlobal
